dependencies:
  espressif/cmake_utilities:
    component_hash: 351350613ceafba240b761b4ea991e0f231ac7a9f59a9ee901f751bddc0bb18f
    source:
      type: service
    version: 0.5.3
  espressif/esp-dsp:
    component_hash: 3e7bbd487f1357a1d4944d0c85966d049501ea281b8a4c7f93f7cfedd5b7f23d
    source:
      type: service
    version: 1.4.12
  idf:
    component_hash: null
    source:
      type: idf
    version: 4.4.7
manifest_hash: a6f1a22d8e7cd3ab07183d389be736f55c82172d7134978a23fe6ad2cc392cbf
target: esp32s3
version: 1.0.0
